
Microsoft Visual Studio Solution File, Format Version 12.00
# Visual Studio 15
VisualStudioVersion = 15.0.28010.2048
MinimumVisualStudioVersion = 10.0.40219.1
Project("{FAE04EC0-301F-11D3-BF4B-00C04F79EFBC}") = "ChineseTatooSelector", "ChineseTatooSelector\ChineseTatooSelector.csproj", "{2C5F0E75-8929-4AEA-BB67-B9FE4B9F8CCC}"
EndProject
Global
	GlobalSection(SolutionConfigurationPlatforms) = preSolution
		Debug|Any CPU = Debug|Any CPU
		Release|Any CPU = Release|Any CPU
	EndGlobalSection
	GlobalSection(ProjectConfigurationPlatforms) = postSolution
		{2C5F0E75-8929-4AEA-BB67-B9FE4B9F8CCC}.Debug|Any CPU.ActiveCfg = Debug|Any CPU
		{2C5F0E75-8929-4AEA-BB67-B9FE4B9F8CCC}.Debug|Any CPU.Build.0 = Debug|Any CPU
		{2C5F0E75-8929-4AEA-BB67-B9FE4B9F8CCC}.Release|Any CPU.ActiveCfg = Release|Any CPU
		{2C5F0E75-8929-4AEA-BB67-B9FE4B9F8CCC}.Release|Any CPU.Build.0 = Release|Any CPU
	EndGlobalSection
	GlobalSection(SolutionProperties) = preSolution
		HideSolutionNode = FALSE
	EndGlobalSection
	GlobalSection(ExtensibilityGlobals) = postSolution
		SolutionGuid = {856937F3-01AE-496F-9A28-BD1F6EC247CD}
	EndGlobalSection
EndGlobal
